// !$*UTF8*$!
{
	archiveVersion = 1;
	classes = {
	};
	objectVersion = 56;
	objects = {

/* Begin PBXBuildFile section */
		842221B9299F5A7E00B03946 /* AppDelegate.swift in Sources */ = {isa = PBXBuildFile; fileRef = 842221B8299F5A7E00B03946 /* AppDelegate.swift */; };
		842221BB299F5A7E00B03946 /* SceneDelegate.swift in Sources */ = {isa = PBXBuildFile; fileRef = 842221BA299F5A7E00B03946 /* SceneDelegate.swift */; };
		842221BD299F5A7E00B03946 /* ViewController.swift in Sources */ = {isa = PBXBuildFile; fileRef = 842221BC299F5A7E00B03946 /* ViewController.swift */; };
		842221C0299F5A7E00B03946 /* Main.storyboard in Resources */ = {isa = PBXBuildFile; fileRef = 842221BE299F5A7E00B03946 /* Main.storyboard */; };
		842221C2299F5A7F00B03946 /* Assets.xcassets in Resources */ = {isa = PBXBuildFile; fileRef = 842221C1299F5A7F00B03946 /* Assets.xcassets */; };
		842221C5299F5A7F00B03946 /* LaunchScreen.storyboard in Resources */ = {isa = PBXBuildFile; fileRef = 842221C3299F5A7F00B03946 /* LaunchScreen.storyboard */; };
		842221CD299F5AE200B03946 /* Source.swift in Sources */ = {isa = PBXBuildFile; fileRef = 842221CC299F5AE200B03946 /* Source.swift */; };
		842221D3299FD69200B03946 /* NewTableViewCell.swift in Sources */ = {isa = PBXBuildFile; fileRef = 842221D2299FD69200B03946 /* NewTableViewCell.swift */; };
		842221D729A00BA600B03946 /* DetailsViewController.swift in Sources */ = {isa = PBXBuildFile; fileRef = 842221D629A00BA600B03946 /* DetailsViewController.swift */; };
/* End PBXBuildFile section */

/* Begin PBXFileReference section */
		842221B5299F5A7E00B03946 /* cellTable.app */ = {isa = PBXFileReference; explicitFileType = wrapper.application; includeInIndex = 0; path = cellTable.app; sourceTree = BUILT_PRODUCTS_DIR; };
		842221B8299F5A7E00B03946 /* AppDelegate.swift */ = {isa = PBXFileReference; lastKnownFileType = sourcecode.swift; path = AppDelegate.swift; sourceTree = "<group>"; };
		842221BA299F5A7E00B03946 /* SceneDelegate.swift */ = {isa = PBXFileReference; lastKnownFileType = sourcecode.swift; path = SceneDelegate.swift; sourceTree = "<group>"; };
		842221BC299F5A7E00B03946 /* ViewController.swift */ = {isa = PBXFileReference; lastKnownFileType = sourcecode.swift; path = ViewController.swift; sourceTree = "<group>"; };
		842221BF299F5A7E00B03946 /* Base */ = {isa = PBXFileReference; lastKnownFileType = file.storyboard; name = Base; path = Base.lproj/Main.storyboard; sourceTree = "<group>"; };
		842221C1299F5A7F00B03946 /* Assets.xcassets */ = {isa = PBXFileReference; lastKnownFileType = folder.assetcatalog; path = Assets.xcassets; sourceTree = "<group>"; };
		842221C4299F5A7F00B03946 /* Base */ = {isa = PBXFileReference; lastKnownFileType = file.storyboard; name = Base; path = Base.lproj/LaunchScreen.storyboard; sourceTree = "<group>"; };
		842221C6299F5A7F00B03946 /* Info.plist */ = {isa = PBXFileReference; lastKnownFileType = text.plist.xml; path = Info.plist; sourceTree = "<group>"; };
		842221CC299F5AE200B03946 /* Source.swift */ = {isa = PBXFileReference; lastKnownFileType = sourcecode.swift; path = Source.swift; sourceTree = "<group>"; };
		842221D2299FD69200B03946 /* NewTableViewCell.swift */ = {isa = PBXFileReference; lastKnownFileType = sourcecode.swift; path = NewTableViewCell.swift; sourceTree = "<group>"; };
		842221D629A00BA600B03946 /* DetailsViewController.swift */ = {isa = PBXFileReference; lastKnownFileType = sourcecode.swift; path = DetailsViewController.swift; sourceTree = "<group>"; };
/* End PBXFileReference section */

/* Begin PBXFrameworksBuildPhase section */
		842221B2299F5A7E00B03946 /* Frameworks */ = {
			isa = PBXFrameworksBuildPhase;
			buildActionMask = 2147483647;
			files = (
			);
			runOnlyForDeploymentPostprocessing = 0;
		};
/* End PBXFrameworksBuildPhase section */

/* Begin PBXGroup section */
		842221AC299F5A7E00B03946 = {
			isa = PBXGroup;
			children = (
				842221B7299F5A7E00B03946 /* cellTable */,
				842221B6299F5A7E00B03946 /* Products */,
			);
			sourceTree = "<group>";
		};
		842221B6299F5A7E00B03946 /* Products */ = {
			isa = PBXGroup;
			children = (
				842221B5299F5A7E00B03946 /* cellTable.app */,
			);
			name = Products;
			sourceTree = "<group>";
		};
		842221B7299F5A7E00B03946 /* cellTable */ = {
			isa = PBXGroup;
			children = (
				842221B8299F5A7E00B03946 /* AppDelegate.swift */,
				842221BA299F5A7E00B03946 /* SceneDelegate.swift */,
				842221BC299F5A7E00B03946 /* ViewController.swift */,
				842221BE299F5A7E00B03946 /* Main.storyboard */,
				842221C1299F5A7F00B03946 /* Assets.xcassets */,
				842221C3299F5A7F00B03946 /* LaunchScreen.storyboard */,
				842221C6299F5A7F00B03946 /* Info.plist */,
				842221CC299F5AE200B03946 /* Source.swift */,
				842221D2299FD69200B03946 /* NewTableViewCell.swift */,
				842221D629A00BA600B03946 /* DetailsViewController.swift */,
			);
			path = cellTable;
			sourceTree = "<group>";
		};
/* End PBXGroup section */

/* Begin PBXNativeTarget section */
		842221B4299F5A7E00B03946 /* cellTable */ = {
			isa = PBXNativeTarget;
			buildConfigurationList = 842221C9299F5A7F00B03946 /* Build configuration list for PBXNativeTarget "cellTable" */;
			buildPhases = (
				842221B1299F5A7E00B03946 /* Sources */,
				842221B2299F5A7E00B03946 /* Frameworks */,
				842221B3299F5A7E00B03946 /* Resources */,
			);
			buildRules = (
			);
			dependencies = (
			);
			name = cellTable;
			productName = cellTable;
			productReference = 842221B5299F5A7E00B03946 /* cellTable.app */;
			productType = "com.apple.product-type.application";
		};
/* End PBXNativeTarget section */

/* Begin PBXProject section */
		842221AD299F5A7E00B03946 /* Project object */ = {
			isa = PBXProject;
			attributes = {
				BuildIndependentTargetsInParallel = 1;
				LastSwiftUpdateCheck = 1420;
				LastUpgradeCheck = 1420;
				TargetAttributes = {
					842221B4299F5A7E00B03946 = {
						CreatedOnToolsVersion = 14.2;
					};
				};
			};
			buildConfigurationList = 842221B0299F5A7E00B03946 /* Build configuration list for PBXProject "cellTable" */;
			compatibilityVersion = "Xcode 14.0";
			developmentRegion = en;
			hasScannedForEncodings = 0;
			knownRegions = (
				en,
				Base,
			);
			mainGroup = 842221AC299F5A7E00B03946;
			productRefGroup = 842221B6299F5A7E00B03946 /* Products */;
			projectDirPath = "";
			projectRoot = "";
			targets = (
				842221B4299F5A7E00B03946 /* cellTable */,
			);
		};
/* End PBXProject section */

/* Begin PBXResourcesBuildPhase section */
		842221B3299F5A7E00B03946 /* Resources */ = {
			isa = PBXResourcesBuildPhase;
			buildActionMask = 2147483647;
			files = (
				842221C5299F5A7F00B03946 /* LaunchScreen.storyboard in Resources */,
				842221C2299F5A7F00B03946 /* Assets.xcassets in Resources */,
				842221C0299F5A7E00B03946 /* Main.storyboard in Resources */,
			);
			runOnlyForDeploymentPostprocessing = 0;
		};
/* End PBXResourcesBuildPhase section */

/* Begin PBXSourcesBuildPhase section */
		842221B1299F5A7E00B03946 /* Sources */ = {
			isa = PBXSourcesBuildPhase;
			buildActionMask = 2147483647;
			files = (
				842221CD299F5AE200B03946 /* Source.swift in Sources */,
				842221D3299FD69200B03946 /* NewTableViewCell.swift in Sources */,
				842221BD299F5A7E00B03946 /* ViewController.swift in Sources */,
				842221B9299F5A7E00B03946 /* AppDelegate.swift in Sources */,
				842221BB299F5A7E00B03946 /* SceneDelegate.swift in Sources */,
				842221D729A00BA600B03946 /* DetailsViewController.swift in Sources */,
			);
			runOnlyForDeploymentPostprocessing = 0;
		};
/* End PBXSourcesBuildPhase section */

/* Begin PBXVariantGroup section */
		842221BE299F5A7E00B03946 /* Main.storyboard */ = {
			isa = PBXVariantGroup;
			children = (
				842221BF299F5A7E00B03946 /* Base */,
			);
			name = Main.storyboard;
			sourceTree = "<group>";
		};
		842221C3299F5A7F00B03946 /* LaunchScreen.storyboard */ = {
			isa = PBXVariantGroup;
			children = (
				842221C4299F5A7F00B03946 /* Base */,
			);
			name = LaunchScreen.storyboard;
			sourceTree = "<group>";
		};
/* End PBXVariantGroup section */

/* Begin XCBuildConfiguration section */
		842221C7299F5A7F00B03946 /* Debug */ = {
			isa = XCBuildConfiguration;
			buildSettings = {
				ALWAYS_SEARCH_USER_PATHS = NO;
				CLANG_ANALYZER_NONNULL = YES;
				CLANG_ANALYZER_NUMBER_OBJECT_CONVERSION = YES_AGGRESSIVE;
				CLANG_CXX_LANGUAGE_STANDARD = "gnu++20";
				CLANG_ENABLE_MODULES = YES;
				CLANG_ENABLE_OBJC_ARC = YES;
				CLANG_ENABLE_OBJC_WEAK = YES;
				CLANG_WARN_BLOCK_CAPTURE_AUTORELEASING = YES;
				CLANG_WARN_BOOL_CONVERSION = YES;
				CLANG_WARN_COMMA = YES;
				CLANG_WARN_CONSTANT_CONVERSION = YES;
				CLANG_WARN_DEPRECATED_OBJC_IMPLEMENTATIONS = YES;
				CLANG_WARN_DIRECT_OBJC_ISA_USAGE = YES_ERROR;
				CLANG_WARN_DOCUMENTATION_COMMENTS = YES;
				CLANG_WARN_EMPTY_BODY = YES;
				CLANG_WARN_ENUM_CONVERSION = YES;
				CLANG_WARN_INFINITE_RECURSION = YES;
				CLANG_WARN_INT_CONVERSION = YES;
				CLANG_WARN_NON_LITERAL_NULL_CONVERSION = YES;
				CLANG_WARN_OBJC_IMPLICIT_RETAIN_SELF = YES;
				CLANG_WARN_OBJC_LITERAL_CONVERSION = YES;
				CLANG_WARN_OBJC_ROOT_CLASS = YES_ERROR;
				CLANG_WARN_QUOTED_INCLUDE_IN_FRAMEWORK_HEADER = YES;
				CLANG_WARN_RANGE_LOOP_ANALYSIS = YES;
				CLANG_WARN_STRICT_PROTOTYPES = YES;
				CLANG_WARN_SUSPICIOUS_MOVE = YES;
				CLANG_WARN_UNGUARDED_AVAILABILITY = YES_AGGRESSIVE;
				CLANG_WARN_UNREACHABLE_CODE = YES;
				CLANG_WARN__DUPLICATE_METHOD_MATCH = YES;
				COPY_PHASE_STRIP = NO;
				DEBUG_INFORMATION_FORMAT = dwarf;
				ENABLE_STRICT_OBJC_MSGSEND = YES;
				ENABLE_TESTABILITY = YES;
				GCC_C_LANGUAGE_STANDARD = gnu11;
				GCC_DYNAMIC_NO_PIC = NO;
				GCC_NO_COMMON_BLOCKS = YES;
				GCC_OPTIMIZATION_LEVEL = 0;
				GCC_PREPROCESSOR_DEFINITIONS = (
					"DEBUG=1",
					"$(inherited)",
				);
				GCC_WARN_64_TO_32_BIT_CONVERSION = YES;
				GCC_WARN_ABOUT_RETURN_TYPE = YES_ERROR;
				GCC_WARN_UNDECLARED_SELECTOR = YES;
				GCC_WARN_UNINITIALIZED_AUTOS = YES_AGGRESSIVE;
				GCC_WARN_UNUSED_FUNCTION = YES;
				GCC_WARN_UNUSED_VARIABLE = YES;
				IPHONEOS_DEPLOYMENT_TARGET = 16.2;
				MTL_ENABLE_DEBUG_INFO = INCLUDE_SOURCE;
				MTL_FAST_MATH = YES;
				ONLY_ACTIVE_ARCH = YES;
				SDKROOT = iphoneos;
				SWIFT_ACTIVE_COMPILATION_CONDITIONS = DEBUG;
				SWIFT_OPTIMIZATION_LEVEL = "-Onone";
			};
			name = Debug;
		};
		842221C8299F5A7F00B03946 /* Release */ = {
			isa = XCBuildConfiguration;
			buildSettings = {
				ALWAYS_SEARCH_USER_PATHS = NO;
				CLANG_ANALYZER_NONNULL = YES;
				CLANG_ANALYZER_NUMBER_OBJECT_CONVERSION = YES_AGGRESSIVE;
				CLANG_CXX_LANGUAGE_STANDARD = "gnu++20";
				CLANG_ENABLE_MODULES = YES;
				CLANG_ENABLE_OBJC_ARC = YES;
				CLANG_ENABLE_OBJC_WEAK = YES;
				CLANG_WARN_BLOCK_CAPTURE_AUTORELEASING = YES;
				CLANG_WARN_BOOL_CONVERSION = YES;
				CLANG_WARN_COMMA = YES;
				CLANG_WARN_CONSTANT_CONVERSION = YES;
				CLANG_WARN_DEPRECATED_OBJC_IMPLEMENTATIONS = YES;
				CLANG_WARN_DIRECT_OBJC_ISA_USAGE = YES_ERROR;
				CLANG_WARN_DOCUMENTATION_COMMENTS = YES;
				CLANG_WARN_EMPTY_BODY = YES;
				CLANG_WARN_ENUM_CONVERSION = YES;
				CLANG_WARN_INFINITE_RECURSION = YES;
				CLANG_WARN_INT_CONVERSION = YES;
				CLANG_WARN_NON_LITERAL_NULL_CONVERSION = YES;
				CLANG_WARN_OBJC_IMPLICIT_RETAIN_SELF = YES;
				CLANG_WARN_OBJC_LITERAL_CONVERSION = YES;
				CLANG_WARN_OBJC_ROOT_CLASS = YES_ERROR;
				CLANG_WARN_QUOTED_INCLUDE_IN_FRAMEWORK_HEADER = YES;
				CLANG_WARN_RANGE_LOOP_ANALYSIS = YES;
				CLANG_WARN_STRICT_PROTOTYPES = YES;
				CLANG_WARN_SUSPICIOUS_MOVE = YES;
				CLANG_WARN_UNGUARDED_AVAILABILITY = YES_AGGRESSIVE;
				CLANG_WARN_UNREACHABLE_CODE = YES;
				CLANG_WARN__DUPLICATE_METHOD_MATCH = YES;
				COPY_PHASE_STRIP = NO;
				DEBUG_INFORMATION_FORMAT = "dwarf-with-dsym";
				ENABLE_NS_ASSERTIONS = NO;
				ENABLE_STRICT_OBJC_MSGSEND = YES;
				GCC_C_LANGUAGE_STANDARD = gnu11;
				GCC_NO_COMMON_BLOCKS = YES;
				GCC_WARN_64_TO_32_BIT_CONVERSION = YES;
				GCC_WARN_ABOUT_RETURN_TYPE = YES_ERROR;
				GCC_WARN_UNDECLARED_SELECTOR = YES;
				GCC_WARN_UNINITIALIZED_AUTOS = YES_AGGRESSIVE;
				GCC_WARN_UNUSED_FUNCTION = YES;
				GCC_WARN_UNUSED_VARIABLE = YES;
				IPHONEOS_DEPLOYMENT_TARGET = 16.2;
				MTL_ENABLE_DEBUG_INFO = NO;
				MTL_FAST_MATH = YES;
				SDKROOT = iphoneos;
				SWIFT_COMPILATION_MODE = wholemodule;
				SWIFT_OPTIMIZATION_LEVEL = "-O";
				VALIDATE_PRODUCT = YES;
			};
			name = Release;
		};
		842221CA299F5A7F00B03946 /* Debug */ = {
			isa = XCBuildConfiguration;
			buildSettings = {
				ASSETCATALOG_COMPILER_APPICON_NAME = AppIcon;
				ASSETCATALOG_COMPILER_GLOBAL_ACCENT_COLOR_NAME = AccentColor;
				CODE_SIGN_STYLE = Automatic;
				CURRENT_PROJECT_VERSION = 1;
				GENERATE_INFOPLIST_FILE = YES;
				INFOPLIST_FILE = cellTable/Info.plist;
				INFOPLIST_KEY_UIApplicationSupportsIndirectInputEvents = YES;
				INFOPLIST_KEY_UILaunchStoryboardName = LaunchScreen;
				INFOPLIST_KEY_UIMainStoryboardFile = Main;
				INFOPLIST_KEY_UIStatusBarStyle = "";
				INFOPLIST_KEY_UISupportedInterfaceOrientations = UIInterfaceOrientationPortrait;
				LD_RUNPATH_SEARCH_PATHS = (
					"$(inherited)",
					"@executable_path/Frameworks",
				);
				MARKETING_VERSION = 1.0;
				PRODUCT_BUNDLE_IDENTIFIER = ru.schultz.cellTable;
				PRODUCT_NAME = "$(TARGET_NAME)";
				SUPPORTED_PLATFORMS = "iphoneos iphonesimulator";
				SUPPORTS_MACCATALYST = NO;
				SUPPORTS_MAC_DESIGNED_FOR_IPHONE_IPAD = NO;
				SWIFT_EMIT_LOC_STRINGS = YES;
				SWIFT_VERSION = 5.0;
				TARGETED_DEVICE_FAMILY = 1;
			};
			name = Debug;
		};
		842221CB299F5A7F00B03946 /* Release */ = {
			isa = XCBuildConfiguration;
			buildSettings = {
				ASSETCATALOG_COMPILER_APPICON_NAME = AppIcon;
				ASSETCATALOG_COMPILER_GLOBAL_ACCENT_COLOR_NAME = AccentColor;
				CODE_SIGN_STYLE = Automatic;
				CURRENT_PROJECT_VERSION = 1;
				GENERATE_INFOPLIST_FILE = YES;
				INFOPLIST_FILE = cellTable/Info.plist;
				INFOPLIST_KEY_UIApplicationSupportsIndirectInputEvents = YES;
				INFOPLIST_KEY_UILaunchStoryboardName = LaunchScreen;
				INFOPLIST_KEY_UIMainStoryboardFile = Main;
				INFOPLIST_KEY_UIStatusBarStyle = "";
				INFOPLIST_KEY_UISupportedInterfaceOrientations = UIInterfaceOrientationPortrait;
				LD_RUNPATH_SEARCH_PATHS = (
					"$(inherited)",
					"@executable_path/Frameworks",
				);
				MARKETING_VERSION = 1.0;
				PRODUCT_BUNDLE_IDENTIFIER = ru.schultz.cellTable;
				PRODUCT_NAME = "$(TARGET_NAME)";
				SUPPORTED_PLATFORMS = "iphoneos iphonesimulator";
				SUPPORTS_MACCATALYST = NO;
				SUPPORTS_MAC_DESIGNED_FOR_IPHONE_IPAD = NO;
				SWIFT_EMIT_LOC_STRINGS = YES;
				SWIFT_VERSION = 5.0;
				TARGETED_DEVICE_FAMILY = 1;
			};
			name = Release;
		};
/* End XCBuildConfiguration section */

/* Begin XCConfigurationList section */
		842221B0299F5A7E00B03946 /* Build configuration list for PBXProject "cellTable" */ = {
			isa = XCConfigurationList;
			buildConfigurations = (
				842221C7299F5A7F00B03946 /* Debug */,
				842221C8299F5A7F00B03946 /* Release */,
			);
			defaultConfigurationIsVisible = 0;
			defaultConfigurationName = Release;
		};
		842221C9299F5A7F00B03946 /* Build configuration list for PBXNativeTarget "cellTable" */ = {
			isa = XCConfigurationList;
			buildConfigurations = (
				842221CA299F5A7F00B03946 /* Debug */,
				842221CB299F5A7F00B03946 /* Release */,
			);
			defaultConfigurationIsVisible = 0;
			defaultConfigurationName = Release;
		};
/* End XCConfigurationList section */
	};
	rootObject = 842221AD299F5A7E00B03946 /* Project object */;
}
